
Microsoft Visual Studio Solution File, Format Version 12.00
# Visual Studio Version 17
VisualStudioVersion = 17.0.32112.339
MinimumVisualStudioVersion = 10.0.40219.1
Project("{FAE04EC0-301F-11D3-BF4B-00C04F79EFBC}") = "Module5HW1", "Module5HW1\Module5HW1.csproj", "{20DDDEB5-49CE-4B6B-B9E4-28323A174A9A}"
EndProject
Global
	GlobalSection(SolutionConfigurationPlatforms) = preSolution
		Debug|Any CPU = Debug|Any CPU
		Release|Any CPU = Release|Any CPU
	EndGlobalSection
	GlobalSection(ProjectConfigurationPlatforms) = postSolution
		{20DDDEB5-49CE-4B6B-B9E4-28323A174A9A}.Debug|Any CPU.ActiveCfg = Debug|Any CPU
		{20DDDEB5-49CE-4B6B-B9E4-28323A174A9A}.Debug|Any CPU.Build.0 = Debug|Any CPU
		{20DDDEB5-49CE-4B6B-B9E4-28323A174A9A}.Release|Any CPU.ActiveCfg = Release|Any CPU
		{20DDDEB5-49CE-4B6B-B9E4-28323A174A9A}.Release|Any CPU.Build.0 = Release|Any CPU
	EndGlobalSection
	GlobalSection(SolutionProperties) = preSolution
		HideSolutionNode = FALSE
	EndGlobalSection
	GlobalSection(ExtensibilityGlobals) = postSolution
		SolutionGuid = {FDB6D23C-D005-4150-A19E-3704A7B71549}
	EndGlobalSection
EndGlobal
